
Microsoft Visual Studio Solution File, Format Version 12.00
# Visual Studio Version 17
VisualStudioVersion = 17.3.32922.545
MinimumVisualStudioVersion = 10.0.40219.1
Project("{FAE04EC0-301F-11D3-BF4B-00C04F79EFBC}") = "task1", "task1\task1.csproj", "{A7FFB41C-E319-4B46-9497-0694D2B3E884}"
EndProject
Global
	GlobalSection(SolutionConfigurationPlatforms) = preSolution
		Debug|Any CPU = Debug|Any CPU
		Release|Any CPU = Release|Any CPU
	EndGlobalSection
	GlobalSection(ProjectConfigurationPlatforms) = postSolution
		{A7FFB41C-E319-4B46-9497-0694D2B3E884}.Debug|Any CPU.ActiveCfg = Debug|Any CPU
		{A7FFB41C-E319-4B46-9497-0694D2B3E884}.Debug|Any CPU.Build.0 = Debug|Any CPU
		{A7FFB41C-E319-4B46-9497-0694D2B3E884}.Release|Any CPU.ActiveCfg = Release|Any CPU
		{A7FFB41C-E319-4B46-9497-0694D2B3E884}.Release|Any CPU.Build.0 = Release|Any CPU
	EndGlobalSection
	GlobalSection(SolutionProperties) = preSolution
		HideSolutionNode = FALSE
	EndGlobalSection
	GlobalSection(ExtensibilityGlobals) = postSolution
		SolutionGuid = {5EAC3441-DFC0-4988-8D1D-FE171658F598}
	EndGlobalSection
EndGlobal
